
Microsoft Visual Studio Solution File, Format Version 12.00
# Visual Studio Version 16
VisualStudioVersion = 16.0.30517.126
MinimumVisualStudioVersion = 10.0.40219.1
Project("{FAE04EC0-301F-11D3-BF4B-00C04F79EFBC}") = "Respaldo_Apsi", "Respaldo_Apsi.csproj", "{C68B5D52-1B19-4C55-98FC-297BF4B0FEF5}"
EndProject
Project("{54435603-DBB4-11D2-8724-00A0C9A8B90C}") = "Instalador_Respaldo", "..\Instalador_Respaldo\Instalador_Respaldo.vdproj", "{7F4CCDEB-36A2-41F9-B359-EC60126CC182}"
EndProject
Global
	GlobalSection(SolutionConfigurationPlatforms) = preSolution
		Debug|Any CPU = Debug|Any CPU
		Release|Any CPU = Release|Any CPU
	EndGlobalSection
	GlobalSection(ProjectConfigurationPlatforms) = postSolution
		{C68B5D52-1B19-4C55-98FC-297BF4B0FEF5}.Debug|Any CPU.ActiveCfg = Debug|Any CPU
		{C68B5D52-1B19-4C55-98FC-297BF4B0FEF5}.Debug|Any CPU.Build.0 = Debug|Any CPU
		{C68B5D52-1B19-4C55-98FC-297BF4B0FEF5}.Release|Any CPU.ActiveCfg = Release|Any CPU
		{C68B5D52-1B19-4C55-98FC-297BF4B0FEF5}.Release|Any CPU.Build.0 = Release|Any CPU
		{7F4CCDEB-36A2-41F9-B359-EC60126CC182}.Debug|Any CPU.ActiveCfg = Release
		{7F4CCDEB-36A2-41F9-B359-EC60126CC182}.Debug|Any CPU.Build.0 = Release
		{7F4CCDEB-36A2-41F9-B359-EC60126CC182}.Release|Any CPU.ActiveCfg = Release
	EndGlobalSection
	GlobalSection(SolutionProperties) = preSolution
		HideSolutionNode = FALSE
	EndGlobalSection
	GlobalSection(ExtensibilityGlobals) = postSolution
		SolutionGuid = {EE9DAC70-5069-4C70-A44F-1B64071A166B}
	EndGlobalSection
EndGlobal
